
Microsoft Visual Studio Solution File, Format Version 12.00
# Visual Studio Version 17
VisualStudioVersion = 17.0.31903.59
MinimumVisualStudioVersion = 10.0.40219.1
Project("{2150E333-8FDC-42A3-9474-1A3956D46DE8}") = "SourceCode", "SourceCode", "{14F7B2CC-23FE-48C0-887C-971F4B7A132E}"
EndProject
Project("{2150E333-8FDC-42A3-9474-1A3956D46DE8}") = "GeminiDemo", "GeminiDemo", "{6C4FB19D-5DEE-495D-9247-1E5FAE17A797}"
EndProject
Project("{FAE04EC0-301F-11D3-BF4B-00C04F79EFBC}") = "GeminiDemoApp", "SourceCode\GeminiDemo\GeminiDemoApp\GeminiDemoApp.csproj", "{3C602510-941A-4990-A6D2-793144BF0451}"
EndProject
Global
	GlobalSection(SolutionConfigurationPlatforms) = preSolution
		Debug|Any CPU = Debug|Any CPU
		Release|Any CPU = Release|Any CPU
	EndGlobalSection
	GlobalSection(SolutionProperties) = preSolution
		HideSolutionNode = FALSE
	EndGlobalSection
	GlobalSection(ProjectConfigurationPlatforms) = postSolution
		{3C602510-941A-4990-A6D2-793144BF0451}.Debug|Any CPU.ActiveCfg = Debug|Any CPU
		{3C602510-941A-4990-A6D2-793144BF0451}.Debug|Any CPU.Build.0 = Debug|Any CPU
		{3C602510-941A-4990-A6D2-793144BF0451}.Release|Any CPU.ActiveCfg = Release|Any CPU
		{3C602510-941A-4990-A6D2-793144BF0451}.Release|Any CPU.Build.0 = Release|Any CPU
	EndGlobalSection
	GlobalSection(NestedProjects) = preSolution
		{6C4FB19D-5DEE-495D-9247-1E5FAE17A797} = {14F7B2CC-23FE-48C0-887C-971F4B7A132E}
		{3C602510-941A-4990-A6D2-793144BF0451} = {6C4FB19D-5DEE-495D-9247-1E5FAE17A797}
	EndGlobalSection
EndGlobal
